
Microsoft Visual Studio Solution File, Format Version 12.00
# Visual Studio Version 17
VisualStudioVersion = 17.14.37614.0 d17.14
MinimumVisualStudioVersion = 10.0.40219.1
Project("{FAE04EC0-301F-11D3-BF4B-00C04F79EFBC}") = "PR2CH4", "PR2CH4.csproj", "{F67071F1-F110-4513-BF9A-99D6ED39B57F}"
EndProject
Global
	GlobalSection(SolutionConfigurationPlatforms) = preSolution
		Debug|Any CPU = Debug|Any CPU
		Release|Any CPU = Release|Any CPU
	EndGlobalSection
	GlobalSection(ProjectConfigurationPlatforms) = postSolution
		{F67071F1-F110-4513-BF9A-99D6ED39B57F}.Debug|Any CPU.ActiveCfg = Debug|Any CPU
		{F67071F1-F110-4513-BF9A-99D6ED39B57F}.Debug|Any CPU.Build.0 = Debug|Any CPU
		{F67071F1-F110-4513-BF9A-99D6ED39B57F}.Release|Any CPU.ActiveCfg = Release|Any CPU
		{F67071F1-F110-4513-BF9A-99D6ED39B57F}.Release|Any CPU.Build.0 = Release|Any CPU
	EndGlobalSection
	GlobalSection(SolutionProperties) = preSolution
		HideSolutionNode = FALSE
	EndGlobalSection
	GlobalSection(ExtensibilityGlobals) = postSolution
		SolutionGuid = {057508F2-678D-4528-A442-C0ECC858944B}
	EndGlobalSection
EndGlobal
